schema: '2.0'
stages:
  preprocess:
    cmd: python src/preprocess.py
    deps:
    - path: config/config.yaml
      hash: md5
      md5: c1f3e5dd7b66c0e9d926196dedae1675
      size: 1081
    - path: data/raw/Metro_Interstate_Traffic_Volume.csv
      hash: md5
      md5: d799e047fc7aa85eda0a82243c98c0e6
      size: 2899403
    - path: src/preprocess.py
      hash: md5
      md5: 8dda4cebb33f2e0799df810c067691e3
      size: 1622
    outs:
    - path: data/processed/cleaned_data.csv
      hash: md5
      md5: 755b7e5d10678939e877f4e25e488df3
      size: 2898348
  train:
    cmd: python src/train.py
    deps:
    - path: config/config.yaml
      hash: md5
      md5: c1f3e5dd7b66c0e9d926196dedae1675
      size: 1081
    - path: data/processed/feature_names.txt
      hash: md5
      md5: a7da43190f43e3dbe0ea895f5c085adb
      size: 198
    - path: data/processed/test.csv
      hash: md5
      md5: 4fb6a8f16185781ac0f58c4a194eac5f
      size: 2594409
    - path: data/processed/train.csv
      hash: md5
      md5: 9e88e13047402c60e416120f42031a98
      size: 10376564
    - path: models/feature_scaler.pkl
      hash: md5
      md5: b5e4e179bfd1cd1a3ad0f092aa3dc6f3
      size: 1415
    - path: models/weather_description_encoder.pkl
      hash: md5
      md5: e32e1161de44c3eab073d8569d626e23
      size: 1185
    - path: models/weather_main_encoder.pkl
      hash: md5
      md5: c3c4118e9bea092bf474c3eb674d42d6
      size: 566
    - path: src/train.py
      hash: md5
      md5: 3208a6374e66e8fde3218189d8502925
      size: 10622
    outs:
    - path: metrics/latest_metrics.json
      hash: md5
      md5: bc1ffd1f96c99dda5ba49da9d636d049
      size: 149
    - path: models/latest_model.pkl
      hash: md5
      md5: 72d53a065af7aa4fbed18786e180091e
      size: 62172129
    - path: models/latest_model_info.json
      hash: md5
      md5: 99397b2fd24f01173c995e578a66fae4
      size: 512
  evaluate:
    cmd: python src/evaluate.py
    deps:
    - path: data/processed/test.csv
      hash: md5
      md5: 4fb6a8f16185781ac0f58c4a194eac5f
      size: 2594409
    - path: models/latest_model.pkl
      hash: md5
      md5: 72d53a065af7aa4fbed18786e180091e
      size: 62172129
    - path: models/latest_model_info.json
      hash: md5
      md5: 99397b2fd24f01173c995e578a66fae4
      size: 512
    - path: src/evaluate.py
      hash: md5
      md5: 4d8fe800f1e7d9f9a4cc3b79fc7d3bf3
      size: 9817
    outs:
    - path: metrics/evaluation_metrics.json
      hash: md5
      md5: c9cbc0f15bd620e19150ec1d5ef034f6
      size: 149
    - path: plots/evaluation_plots.html
      hash: md5
      md5: e7d35db2f7d5914f68dccda964943f6c
      size: 5236644
    - path: plots/feature_importance.html
      hash: md5
      md5: 292bf51beba8f6517065ff9b9b72a344
      size: 4776294
    - path: plots/time_series_analysis.html
      hash: md5
      md5: ed7e13a69a38cb279e221d54a694e8fe
      size: 4789769
  feature_engineer:
    cmd: python src/feature_engineer.py
    deps:
    - path: config/config.yaml
      hash: md5
      md5: c1f3e5dd7b66c0e9d926196dedae1675
      size: 1081
    - path: data/processed/cleaned_data.csv
      hash: md5
      md5: 755b7e5d10678939e877f4e25e488df3
      size: 2898348
    - path: src/feature_engineer.py
      hash: md5
      md5: b4c63fbdcf9beb6012c7922afc9472d6
      size: 5676
    outs:
    - path: data/processed/feature_names.txt
      hash: md5
      md5: a7da43190f43e3dbe0ea895f5c085adb
      size: 198
    - path: data/processed/test.csv
      hash: md5
      md5: 4fb6a8f16185781ac0f58c4a194eac5f
      size: 2594409
    - path: data/processed/train.csv
      hash: md5
      md5: 9e88e13047402c60e416120f42031a98
      size: 10376564
    - path: models/feature_scaler.pkl
      hash: md5
      md5: b5e4e179bfd1cd1a3ad0f092aa3dc6f3
      size: 1415
    - path: models/weather_description_encoder.pkl
      hash: md5
      md5: e32e1161de44c3eab073d8569d626e23
      size: 1185
    - path: models/weather_main_encoder.pkl
      hash: md5
      md5: c3c4118e9bea092bf474c3eb674d42d6
      size: 566
